// !$*UTF8*$!
{
	archiveVersion = 1;
	classes = {
	};
	objectVersion = 46;
	objects = {

/* Begin PBXBuildFile section */
		8FE7BEEA14E5CC5A008D4BDE /* UIKit.framework in Frameworks */ = {isa = PBXBuildFile; fileRef = 8FE7BEE914E5CC5A008D4BDE /* UIKit.framework */; };
		8FE7BEEC14E5CC5A008D4BDE /* Foundation.framework in Frameworks */ = {isa = PBXBuildFile; fileRef = 8FE7BEEB14E5CC5A008D4BDE /* Foundation.framework */; };
		8FE7BEEE14E5CC5A008D4BDE /* CoreGraphics.framework in Frameworks */ = {isa = PBXBuildFile; fileRef = 8FE7BEED14E5CC5A008D4BDE /* CoreGraphics.framework */; };
		8FE7BEF414E5CC5A008D4BDE /* InfoPlist.strings in Resources */ = {isa = PBXBuildFile; fileRef = 8FE7BEF214E5CC5A008D4BDE /* InfoPlist.strings */; };
		8FE7BEF614E5CC5A008D4BDE /* main.m in Sources */ = {isa = PBXBuildFile; fileRef = 8FE7BEF514E5CC5A008D4BDE /* main.m */; };
		8FE7BEFA14E5CC5A008D4BDE /* SPAppDelegate.m in Sources */ = {isa = PBXBuildFile; fileRef = 8FE7BEF914E5CC5A008D4BDE /* SPAppDelegate.m */; };
		8FE7BF0314E5CC5A008D4BDE /* SPViewController.m in Sources */ = {isa = PBXBuildFile; fileRef = 8FE7BF0214E5CC5A008D4BDE /* SPViewController.m */; };
		8FE7BF0B14E5CC5A008D4BDE /* SenTestingKit.framework in Frameworks */ = {isa = PBXBuildFile; fileRef = 8FE7BF0A14E5CC5A008D4BDE /* SenTestingKit.framework */; };
		8FE7BF0C14E5CC5A008D4BDE /* UIKit.framework in Frameworks */ = {isa = PBXBuildFile; fileRef = 8FE7BEE914E5CC5A008D4BDE /* UIKit.framework */; };
		8FE7BF0D14E5CC5A008D4BDE /* Foundation.framework in Frameworks */ = {isa = PBXBuildFile; fileRef = 8FE7BEEB14E5CC5A008D4BDE /* Foundation.framework */; };
		8FE7BF1514E5CC5A008D4BDE /* InfoPlist.strings in Resources */ = {isa = PBXBuildFile; fileRef = 8FE7BF1314E5CC5A008D4BDE /* InfoPlist.strings */; };
		8FE7BF1814E5CC5A008D4BDE /* EX005Tests.m in Sources */ = {isa = PBXBuildFile; fileRef = 8FE7BF1714E5CC5A008D4BDE /* EX005Tests.m */; };
		8FE7BF2314E5CEDC008D4BDE /* SPProgressView.m in Sources */ = {isa = PBXBuildFile; fileRef = 8FE7BF2214E5CEDC008D4BDE /* SPProgressView.m */; };
		8FE7BF2614E5CF35008D4BDE /* SPProgressLayer.m in Sources */ = {isa = PBXBuildFile; fileRef = 8FE7BF2514E5CF35008D4BDE /* SPProgressLayer.m */; };
		8FE7BF2914E5D398008D4BDE /* QuartzCore.framework in Frameworks */ = {isa = PBXBuildFile; fileRef = 8FE7BF2714E5D390008D4BDE /* QuartzCore.framework */; };
		8FE7BF2B14EAF641008D4BDE /* RotaryProgress_iPhone.xib in Resources */ = {isa = PBXBuildFile; fileRef = 8FE7BF2A14EAF640008D4BDE /* RotaryProgress_iPhone.xib */; };
		8FE7BF2D14EAF794008D4BDE /* RotaryProgress_iPad.xib in Resources */ = {isa = PBXBuildFile; fileRef = 8FE7BF2C14EAF794008D4BDE /* RotaryProgress_iPad.xib */; };
/* End PBXBuildFile section */

/* Begin PBXContainerItemProxy section */
		8FE7BF0E14E5CC5A008D4BDE /* PBXContainerItemProxy */ = {
			isa = PBXContainerItemProxy;
			containerPortal = 8FE7BEDC14E5CC59008D4BDE /* Project object */;
			proxyType = 1;
			remoteGlobalIDString = 8FE7BEE414E5CC5A008D4BDE;
			remoteInfo = EX005;
		};
/* End PBXContainerItemProxy section */

/* Begin PBXFileReference section */
		8FE7BEE514E5CC5A008D4BDE /* EX005.app */ = {isa = PBXFileReference; explicitFileType = wrapper.application; includeInIndex = 0; path = EX005.app; sourceTree = BUILT_PRODUCTS_DIR; };
		8FE7BEE914E5CC5A008D4BDE /* UIKit.framework */ = {isa = PBXFileReference; lastKnownFileType = wrapper.framework; name = UIKit.framework; path = System/Library/Frameworks/UIKit.framework; sourceTree = SDKROOT; };
		8FE7BEEB14E5CC5A008D4BDE /* Foundation.framework */ = {isa = PBXFileReference; lastKnownFileType = wrapper.framework; name = Foundation.framework; path = System/Library/Frameworks/Foundation.framework; sourceTree = SDKROOT; };
		8FE7BEED14E5CC5A008D4BDE /* CoreGraphics.framework */ = {isa = PBXFileReference; lastKnownFileType = wrapper.framework; name = CoreGraphics.framework; path = System/Library/Frameworks/CoreGraphics.framework; sourceTree = SDKROOT; };
		8FE7BEF114E5CC5A008D4BDE /* EX005-Info.plist */ = {isa = PBXFileReference; lastKnownFileType = text.plist.xml; path = "EX005-Info.plist"; sourceTree = "<group>"; };
		8FE7BEF314E5CC5A008D4BDE /* en */ = {isa = PBXFileReference; lastKnownFileType = text.plist.strings; name = en; path = en.lproj/InfoPlist.strings; sourceTree = "<group>"; };
		8FE7BEF514E5CC5A008D4BDE /* main.m */ = {isa = PBXFileReference; lastKnownFileType = sourcecode.c.objc; path = main.m; sourceTree = "<group>"; };
		8FE7BEF714E5CC5A008D4BDE /* EX005-Prefix.pch */ = {isa = PBXFileReference; lastKnownFileType = sourcecode.c.h; path = "EX005-Prefix.pch"; sourceTree = "<group>"; };
		8FE7BEF814E5CC5A008D4BDE /* SPAppDelegate.h */ = {isa = PBXFileReference; lastKnownFileType = sourcecode.c.h; path = SPAppDelegate.h; sourceTree = "<group>"; };
		8FE7BEF914E5CC5A008D4BDE /* SPAppDelegate.m */ = {isa = PBXFileReference; lastKnownFileType = sourcecode.c.objc; path = SPAppDelegate.m; sourceTree = "<group>"; };
		8FE7BF0114E5CC5A008D4BDE /* SPViewController.h */ = {isa = PBXFileReference; lastKnownFileType = sourcecode.c.h; path = SPViewController.h; sourceTree = "<group>"; };
		8FE7BF0214E5CC5A008D4BDE /* SPViewController.m */ = {isa = PBXFileReference; lastKnownFileType = sourcecode.c.objc; path = SPViewController.m; sourceTree = "<group>"; };
		8FE7BF0914E5CC5A008D4BDE /* EX005Tests.octest */ = {isa = PBXFileReference; explicitFileType = wrapper.cfbundle; includeInIndex = 0; path = EX005Tests.octest; sourceTree = BUILT_PRODUCTS_DIR; };
		8FE7BF0A14E5CC5A008D4BDE /* SenTestingKit.framework */ = {isa = PBXFileReference; lastKnownFileType = wrapper.framework; name = SenTestingKit.framework; path = Library/Frameworks/SenTestingKit.framework; sourceTree = DEVELOPER_DIR; };
		8FE7BF1214E5CC5A008D4BDE /* EX005Tests-Info.plist */ = {isa = PBXFileReference; lastKnownFileType = text.plist.xml; path = "EX005Tests-Info.plist"; sourceTree = "<group>"; };
		8FE7BF1414E5CC5A008D4BDE /* en */ = {isa = PBXFileReference; lastKnownFileType = text.plist.strings; name = en; path = en.lproj/InfoPlist.strings; sourceTree = "<group>"; };
		8FE7BF1614E5CC5A008D4BDE /* EX005Tests.h */ = {isa = PBXFileReference; lastKnownFileType = sourcecode.c.h; path = EX005Tests.h; sourceTree = "<group>"; };
		8FE7BF1714E5CC5A008D4BDE /* EX005Tests.m */ = {isa = PBXFileReference; lastKnownFileType = sourcecode.c.objc; path = EX005Tests.m; sourceTree = "<group>"; };
		8FE7BF2114E5CEDC008D4BDE /* SPProgressView.h */ = {isa = PBXFileReference; fileEncoding = 4; lastKnownFileType = sourcecode.c.h; path = SPProgressView.h; sourceTree = "<group>"; };
		8FE7BF2214E5CEDC008D4BDE /* SPProgressView.m */ = {isa = PBXFileReference; fileEncoding = 4; lastKnownFileType = sourcecode.c.objc; path = SPProgressView.m; sourceTree = "<group>"; };
		8FE7BF2414E5CF35008D4BDE /* SPProgressLayer.h */ = {isa = PBXFileReference; fileEncoding = 4; lastKnownFileType = sourcecode.c.h; path = SPProgressLayer.h; sourceTree = "<group>"; };
		8FE7BF2514E5CF35008D4BDE /* SPProgressLayer.m */ = {isa = PBXFileReference; fileEncoding = 4; lastKnownFileType = sourcecode.c.objc; path = SPProgressLayer.m; sourceTree = "<group>"; };
		8FE7BF2714E5D390008D4BDE /* QuartzCore.framework */ = {isa = PBXFileReference; lastKnownFileType = wrapper.framework; name = QuartzCore.framework; path = System/Library/Frameworks/QuartzCore.framework; sourceTree = SDKROOT; };
		8FE7BF2A14EAF640008D4BDE /* RotaryProgress_iPhone.xib */ = {isa = PBXFileReference; fileEncoding = 4; lastKnownFileType = file.xib; path = RotaryProgress_iPhone.xib; sourceTree = "<group>"; };
		8FE7BF2C14EAF794008D4BDE /* RotaryProgress_iPad.xib */ = {isa = PBXFileReference; fileEncoding = 4; lastKnownFileType = file.xib; path = RotaryProgress_iPad.xib; sourceTree = "<group>"; };
/* End PBXFileReference section */

/* Begin PBXFrameworksBuildPhase section */
		8FE7BEE214E5CC5A008D4BDE /* Frameworks */ = {
			isa = PBXFrameworksBuildPhase;
			buildActionMask = 2147483647;
			files = (
				8FE7BF2914E5D398008D4BDE /* QuartzCore.framework in Frameworks */,
				8FE7BEEA14E5CC5A008D4BDE /* UIKit.framework in Frameworks */,
				8FE7BEEC14E5CC5A008D4BDE /* Foundation.framework in Frameworks */,
				8FE7BEEE14E5CC5A008D4BDE /* CoreGraphics.framework in Frameworks */,
			);
			runOnlyForDeploymentPostprocessing = 0;
		};
		8FE7BF0514E5CC5A008D4BDE /* Frameworks */ = {
			isa = PBXFrameworksBuildPhase;
			buildActionMask = 2147483647;
			files = (
				8FE7BF0B14E5CC5A008D4BDE /* SenTestingKit.framework in Frameworks */,
				8FE7BF0C14E5CC5A008D4BDE /* UIKit.framework in Frameworks */,
				8FE7BF0D14E5CC5A008D4BDE /* Foundation.framework in Frameworks */,
			);
			runOnlyForDeploymentPostprocessing = 0;
		};
/* End PBXFrameworksBuildPhase section */

/* Begin PBXGroup section */
		8FE7BEDA14E5CC59008D4BDE = {
			isa = PBXGroup;
			children = (
				8FE7BEEF14E5CC5A008D4BDE /* EX005 */,
				8FE7BF1014E5CC5A008D4BDE /* EX005Tests */,
				8FE7BEE814E5CC5A008D4BDE /* Frameworks */,
				8FE7BEE614E5CC5A008D4BDE /* Products */,
			);
			sourceTree = "<group>";
		};
		8FE7BEE614E5CC5A008D4BDE /* Products */ = {
			isa = PBXGroup;
			children = (
				8FE7BEE514E5CC5A008D4BDE /* EX005.app */,
				8FE7BF0914E5CC5A008D4BDE /* EX005Tests.octest */,
			);
			name = Products;
			sourceTree = "<group>";
		};
		8FE7BEE814E5CC5A008D4BDE /* Frameworks */ = {
			isa = PBXGroup;
			children = (
				8FE7BF2714E5D390008D4BDE /* QuartzCore.framework */,
				8FE7BEE914E5CC5A008D4BDE /* UIKit.framework */,
				8FE7BEEB14E5CC5A008D4BDE /* Foundation.framework */,
				8FE7BEED14E5CC5A008D4BDE /* CoreGraphics.framework */,
				8FE7BF0A14E5CC5A008D4BDE /* SenTestingKit.framework */,
			);
			name = Frameworks;
			sourceTree = "<group>";
		};
		8FE7BEEF14E5CC5A008D4BDE /* EX005 */ = {
			isa = PBXGroup;
			children = (
				8FE7BEF814E5CC5A008D4BDE /* SPAppDelegate.h */,
				8FE7BEF914E5CC5A008D4BDE /* SPAppDelegate.m */,
				8FE7BF0114E5CC5A008D4BDE /* SPViewController.h */,
				8FE7BF0214E5CC5A008D4BDE /* SPViewController.m */,
				8FE7BEF014E5CC5A008D4BDE /* Supporting Files */,
				8FE7BF2114E5CEDC008D4BDE /* SPProgressView.h */,
				8FE7BF2214E5CEDC008D4BDE /* SPProgressView.m */,
				8FE7BF2414E5CF35008D4BDE /* SPProgressLayer.h */,
				8FE7BF2514E5CF35008D4BDE /* SPProgressLayer.m */,
				8FE7BF2A14EAF640008D4BDE /* RotaryProgress_iPhone.xib */,
				8FE7BF2C14EAF794008D4BDE /* RotaryProgress_iPad.xib */,
			);
			path = EX005;
			sourceTree = "<group>";
		};
		8FE7BEF014E5CC5A008D4BDE /* Supporting Files */ = {
			isa = PBXGroup;
			children = (
				8FE7BEF114E5CC5A008D4BDE /* EX005-Info.plist */,
				8FE7BEF214E5CC5A008D4BDE /* InfoPlist.strings */,
				8FE7BEF514E5CC5A008D4BDE /* main.m */,
				8FE7BEF714E5CC5A008D4BDE /* EX005-Prefix.pch */,
			);
			name = "Supporting Files";
			sourceTree = "<group>";
		};
		8FE7BF1014E5CC5A008D4BDE /* EX005Tests */ = {
			isa = PBXGroup;
			children = (
				8FE7BF1614E5CC5A008D4BDE /* EX005Tests.h */,
				8FE7BF1714E5CC5A008D4BDE /* EX005Tests.m */,
				8FE7BF1114E5CC5A008D4BDE /* Supporting Files */,
			);
			path = EX005Tests;
			sourceTree = "<group>";
		};
		8FE7BF1114E5CC5A008D4BDE /* Supporting Files */ = {
			isa = PBXGroup;
			children = (
				8FE7BF1214E5CC5A008D4BDE /* EX005Tests-Info.plist */,
				8FE7BF1314E5CC5A008D4BDE /* InfoPlist.strings */,
			);
			name = "Supporting Files";
			sourceTree = "<group>";
		};
/* End PBXGroup section */

/* Begin PBXNativeTarget section */
		8FE7BEE414E5CC5A008D4BDE /* EX005 */ = {
			isa = PBXNativeTarget;
			buildConfigurationList = 8FE7BF1B14E5CC5A008D4BDE /* Build configuration list for PBXNativeTarget "EX005" */;
			buildPhases = (
				8FE7BEE114E5CC5A008D4BDE /* Sources */,
				8FE7BEE214E5CC5A008D4BDE /* Frameworks */,
				8FE7BEE314E5CC5A008D4BDE /* Resources */,
			);
			buildRules = (
			);
			dependencies = (
			);
			name = EX005;
			productName = EX005;
			productReference = 8FE7BEE514E5CC5A008D4BDE /* EX005.app */;
			productType = "com.apple.product-type.application";
		};
		8FE7BF0814E5CC5A008D4BDE /* EX005Tests */ = {
			isa = PBXNativeTarget;
			buildConfigurationList = 8FE7BF1E14E5CC5A008D4BDE /* Build configuration list for PBXNativeTarget "EX005Tests" */;
			buildPhases = (
				8FE7BF0414E5CC5A008D4BDE /* Sources */,
				8FE7BF0514E5CC5A008D4BDE /* Frameworks */,
				8FE7BF0614E5CC5A008D4BDE /* Resources */,
				8FE7BF0714E5CC5A008D4BDE /* ShellScript */,
			);
			buildRules = (
			);
			dependencies = (
				8FE7BF0F14E5CC5A008D4BDE /* PBXTargetDependency */,
			);
			name = EX005Tests;
			productName = EX005Tests;
			productReference = 8FE7BF0914E5CC5A008D4BDE /* EX005Tests.octest */;
			productType = "com.apple.product-type.bundle";
		};
/* End PBXNativeTarget section */

/* Begin PBXProject section */
		8FE7BEDC14E5CC59008D4BDE /* Project object */ = {
			isa = PBXProject;
			attributes = {
				LastUpgradeCheck = 0420;
			};
			buildConfigurationList = 8FE7BEDF14E5CC59008D4BDE /* Build configuration list for PBXProject "EX005" */;
			compatibilityVersion = "Xcode 3.2";
			developmentRegion = English;
			hasScannedForEncodings = 0;
			knownRegions = (
				en,
			);
			mainGroup = 8FE7BEDA14E5CC59008D4BDE;
			productRefGroup = 8FE7BEE614E5CC5A008D4BDE /* Products */;
			projectDirPath = "";
			projectRoot = "";
			targets = (
				8FE7BEE414E5CC5A008D4BDE /* EX005 */,
				8FE7BF0814E5CC5A008D4BDE /* EX005Tests */,
			);
		};
/* End PBXProject section */

/* Begin PBXResourcesBuildPhase section */
		8FE7BEE314E5CC5A008D4BDE /* Resources */ = {
			isa = PBXResourcesBuildPhase;
			buildActionMask = 2147483647;
			files = (
				8FE7BEF414E5CC5A008D4BDE /* InfoPlist.strings in Resources */,
				8FE7BF2B14EAF641008D4BDE /* RotaryProgress_iPhone.xib in Resources */,
				8FE7BF2D14EAF794008D4BDE /* RotaryProgress_iPad.xib in Resources */,
			);
			runOnlyForDeploymentPostprocessing = 0;
		};
		8FE7BF0614E5CC5A008D4BDE /* Resources */ = {
			isa = PBXResourcesBuildPhase;
			buildActionMask = 2147483647;
			files = (
				8FE7BF1514E5CC5A008D4BDE /* InfoPlist.strings in Resources */,
			);
			runOnlyForDeploymentPostprocessing = 0;
		};
/* End PBXResourcesBuildPhase section */

/* Begin PBXShellScriptBuildPhase section */
		8FE7BF0714E5CC5A008D4BDE /* ShellScript */ = {
			isa = PBXShellScriptBuildPhase;
			buildActionMask = 2147483647;
			files = (
			);
			inputPaths = (
			);
			outputPaths = (
			);
			runOnlyForDeploymentPostprocessing = 0;
			shellPath = /bin/sh;
			shellScript = "# Run the unit tests in this test bundle.\n\"${SYSTEM_DEVELOPER_DIR}/Tools/RunUnitTests\"\n";
		};
/* End PBXShellScriptBuildPhase section */

/* Begin PBXSourcesBuildPhase section */
		8FE7BEE114E5CC5A008D4BDE /* Sources */ = {
			isa = PBXSourcesBuildPhase;
			buildActionMask = 2147483647;
			files = (
				8FE7BEF614E5CC5A008D4BDE /* main.m in Sources */,
				8FE7BEFA14E5CC5A008D4BDE /* SPAppDelegate.m in Sources */,
				8FE7BF0314E5CC5A008D4BDE /* SPViewController.m in Sources */,
				8FE7BF2314E5CEDC008D4BDE /* SPProgressView.m in Sources */,
				8FE7BF2614E5CF35008D4BDE /* SPProgressLayer.m in Sources */,
			);
			runOnlyForDeploymentPostprocessing = 0;
		};
		8FE7BF0414E5CC5A008D4BDE /* Sources */ = {
			isa = PBXSourcesBuildPhase;
			buildActionMask = 2147483647;
			files = (
				8FE7BF1814E5CC5A008D4BDE /* EX005Tests.m in Sources */,
			);
			runOnlyForDeploymentPostprocessing = 0;
		};
/* End PBXSourcesBuildPhase section */

/* Begin PBXTargetDependency section */
		8FE7BF0F14E5CC5A008D4BDE /* PBXTargetDependency */ = {
			isa = PBXTargetDependency;
			target = 8FE7BEE414E5CC5A008D4BDE /* EX005 */;
			targetProxy = 8FE7BF0E14E5CC5A008D4BDE /* PBXContainerItemProxy */;
		};
/* End PBXTargetDependency section */

/* Begin PBXVariantGroup section */
		8FE7BEF214E5CC5A008D4BDE /* InfoPlist.strings */ = {
			isa = PBXVariantGroup;
			children = (
				8FE7BEF314E5CC5A008D4BDE /* en */,
			);
			name = InfoPlist.strings;
			sourceTree = "<group>";
		};
		8FE7BF1314E5CC5A008D4BDE /* InfoPlist.strings */ = {
			isa = PBXVariantGroup;
			children = (
				8FE7BF1414E5CC5A008D4BDE /* en */,
			);
			name = InfoPlist.strings;
			sourceTree = "<group>";
		};
/* End PBXVariantGroup section */

/* Begin XCBuildConfiguration section */
		8FE7BF1914E5CC5A008D4BDE /* Debug */ = {
			isa = XCBuildConfiguration;
			buildSettings = {
				ALWAYS_SEARCH_USER_PATHS = NO;
				ARCHS = "$(ARCHS_STANDARD_32_BIT)";
				CLANG_ENABLE_OBJC_ARC = YES;
				"CODE_SIGN_IDENTITY[sdk=iphoneos*]" = "iPhone Developer";
				COPY_PHASE_STRIP = NO;
				GCC_C_LANGUAGE_STANDARD = gnu99;
				GCC_DYNAMIC_NO_PIC = NO;
				GCC_OPTIMIZATION_LEVEL = 0;
				GCC_PREPROCESSOR_DEFINITIONS = (
					"DEBUG=1",
					"$(inherited)",
				);
				GCC_SYMBOLS_PRIVATE_EXTERN = NO;
				GCC_VERSION = com.apple.compilers.llvm.clang.1_0;
				GCC_WARN_ABOUT_MISSING_PROTOTYPES = YES;
				GCC_WARN_ABOUT_RETURN_TYPE = YES;
				GCC_WARN_UNUSED_VARIABLE = YES;
				IPHONEOS_DEPLOYMENT_TARGET = 5.0;
				SDKROOT = iphoneos;
				TARGETED_DEVICE_FAMILY = "1,2";
			};
			name = Debug;
		};
		8FE7BF1A14E5CC5A008D4BDE /* Release */ = {
			isa = XCBuildConfiguration;
			buildSettings = {
				ALWAYS_SEARCH_USER_PATHS = NO;
				ARCHS = "$(ARCHS_STANDARD_32_BIT)";
				CLANG_ENABLE_OBJC_ARC = YES;
				"CODE_SIGN_IDENTITY[sdk=iphoneos*]" = "iPhone Developer";
				COPY_PHASE_STRIP = YES;
				GCC_C_LANGUAGE_STANDARD = gnu99;
				GCC_VERSION = com.apple.compilers.llvm.clang.1_0;
				GCC_WARN_ABOUT_MISSING_PROTOTYPES = YES;
				GCC_WARN_ABOUT_RETURN_TYPE = YES;
				GCC_WARN_UNUSED_VARIABLE = YES;
				IPHONEOS_DEPLOYMENT_TARGET = 5.0;
				OTHER_CFLAGS = "-DNS_BLOCK_ASSERTIONS=1";
				SDKROOT = iphoneos;
				TARGETED_DEVICE_FAMILY = "1,2";
				VALIDATE_PRODUCT = YES;
			};
			name = Release;
		};
		8FE7BF1C14E5CC5A008D4BDE /* Debug */ = {
			isa = XCBuildConfiguration;
			buildSettings = {
				GCC_PRECOMPILE_PREFIX_HEADER = YES;
				GCC_PREFIX_HEADER = "EX005/EX005-Prefix.pch";
				INFOPLIST_FILE = "EX005/EX005-Info.plist";
				IPHONEOS_DEPLOYMENT_TARGET = 5.0;
				PRODUCT_NAME = "$(TARGET_NAME)";
				TARGETED_DEVICE_FAMILY = "1,2";
				WRAPPER_EXTENSION = app;
			};
			name = Debug;
		};
		8FE7BF1D14E5CC5A008D4BDE /* Release */ = {
			isa = XCBuildConfiguration;
			buildSettings = {
				GCC_PRECOMPILE_PREFIX_HEADER = YES;
				GCC_PREFIX_HEADER = "EX005/EX005-Prefix.pch";
				INFOPLIST_FILE = "EX005/EX005-Info.plist";
				IPHONEOS_DEPLOYMENT_TARGET = 5.0;
				PRODUCT_NAME = "$(TARGET_NAME)";
				TARGETED_DEVICE_FAMILY = "1,2";
				WRAPPER_EXTENSION = app;
			};
			name = Release;
		};
		8FE7BF1F14E5CC5A008D4BDE /* Debug */ = {
			isa = XCBuildConfiguration;
			buildSettings = {
				BUNDLE_LOADER = "$(BUILT_PRODUCTS_DIR)/EX005.app/EX005";
				FRAMEWORK_SEARCH_PATHS = (
					"$(SDKROOT)/Developer/Library/Frameworks",
					"$(DEVELOPER_LIBRARY_DIR)/Frameworks",
				);
				GCC_PRECOMPILE_PREFIX_HEADER = YES;
				GCC_PREFIX_HEADER = "EX005/EX005-Prefix.pch";
				INFOPLIST_FILE = "EX005Tests/EX005Tests-Info.plist";
				PRODUCT_NAME = "$(TARGET_NAME)";
				TEST_HOST = "$(BUNDLE_LOADER)";
				WRAPPER_EXTENSION = octest;
			};
			name = Debug;
		};
		8FE7BF2014E5CC5A008D4BDE /* Release */ = {
			isa = XCBuildConfiguration;
			buildSettings = {
				BUNDLE_LOADER = "$(BUILT_PRODUCTS_DIR)/EX005.app/EX005";
				FRAMEWORK_SEARCH_PATHS = (
					"$(SDKROOT)/Developer/Library/Frameworks",
					"$(DEVELOPER_LIBRARY_DIR)/Frameworks",
				);
				GCC_PRECOMPILE_PREFIX_HEADER = YES;
				GCC_PREFIX_HEADER = "EX005/EX005-Prefix.pch";
				INFOPLIST_FILE = "EX005Tests/EX005Tests-Info.plist";
				PRODUCT_NAME = "$(TARGET_NAME)";
				TEST_HOST = "$(BUNDLE_LOADER)";
				WRAPPER_EXTENSION = octest;
			};
			name = Release;
		};
/* End XCBuildConfiguration section */

/* Begin XCConfigurationList section */
		8FE7BEDF14E5CC59008D4BDE /* Build configuration list for PBXProject "EX005" */ = {
			isa = XCConfigurationList;
			buildConfigurations = (
				8FE7BF1914E5CC5A008D4BDE /* Debug */,
				8FE7BF1A14E5CC5A008D4BDE /* Release */,
			);
			defaultConfigurationIsVisible = 0;
			defaultConfigurationName = Release;
		};
		8FE7BF1B14E5CC5A008D4BDE /* Build configuration list for PBXNativeTarget "EX005" */ = {
			isa = XCConfigurationList;
			buildConfigurations = (
				8FE7BF1C14E5CC5A008D4BDE /* Debug */,
				8FE7BF1D14E5CC5A008D4BDE /* Release */,
			);
			defaultConfigurationIsVisible = 0;
		};
		8FE7BF1E14E5CC5A008D4BDE /* Build configuration list for PBXNativeTarget "EX005Tests" */ = {
			isa = XCConfigurationList;
			buildConfigurations = (
				8FE7BF1F14E5CC5A008D4BDE /* Debug */,
				8FE7BF2014E5CC5A008D4BDE /* Release */,
			);
			defaultConfigurationIsVisible = 0;
		};
/* End XCConfigurationList section */
	};
	rootObject = 8FE7BEDC14E5CC59008D4BDE /* Project object */;
}
